
Microsoft Visual Studio Solution File, Format Version 12.00
# Visual Studio Version 16
VisualStudioVersion = 16.0.31911.196
MinimumVisualStudioVersion = 10.0.40219.1
Project("{FAE04EC0-301F-11D3-BF4B-00C04F79EFBC}") = "Lab16(Базы данных)", "Lab16(Базы данных).csproj", "{C6783375-0962-4A29-9254-34BCB84DD8FC}"
EndProject
Project("{FAE04EC0-301F-11D3-BF4B-00C04F79EFBC}") = "Lab16Part1", "..\Lab16Part1\Lab16Part1.csproj", "{437C546F-61B2-44E5-88DD-259EAD178BA5}"
EndProject
Global
	GlobalSection(SolutionConfigurationPlatforms) = preSolution
		Debug|Any CPU = Debug|Any CPU
		Release|Any CPU = Release|Any CPU
	EndGlobalSection
	GlobalSection(ProjectConfigurationPlatforms) = postSolution
		{C6783375-0962-4A29-9254-34BCB84DD8FC}.Debug|Any CPU.ActiveCfg = Debug|Any CPU
		{C6783375-0962-4A29-9254-34BCB84DD8FC}.Debug|Any CPU.Build.0 = Debug|Any CPU
		{C6783375-0962-4A29-9254-34BCB84DD8FC}.Release|Any CPU.ActiveCfg = Release|Any CPU
		{C6783375-0962-4A29-9254-34BCB84DD8FC}.Release|Any CPU.Build.0 = Release|Any CPU
		{437C546F-61B2-44E5-88DD-259EAD178BA5}.Debug|Any CPU.ActiveCfg = Debug|Any CPU
		{437C546F-61B2-44E5-88DD-259EAD178BA5}.Debug|Any CPU.Build.0 = Debug|Any CPU
		{437C546F-61B2-44E5-88DD-259EAD178BA5}.Release|Any CPU.ActiveCfg = Release|Any CPU
		{437C546F-61B2-44E5-88DD-259EAD178BA5}.Release|Any CPU.Build.0 = Release|Any CPU
	EndGlobalSection
	GlobalSection(SolutionProperties) = preSolution
		HideSolutionNode = FALSE
	EndGlobalSection
	GlobalSection(ExtensibilityGlobals) = postSolution
		SolutionGuid = {B5B6AC46-CFF0-4E45-84FA-F6E2FDDCBDE9}
	EndGlobalSection
EndGlobal
